
Microsoft Visual Studio Solution File, Format Version 12.00
# Visual Studio Version 17
VisualStudioVersion = 17.11.35303.130
MinimumVisualStudioVersion = 10.0.40219.1
Project("{2150E333-8FDC-42A3-9474-1A3956D46DE8}") = "Task0", "Task0", "{389F7EB4-3157-4F5C-BAFD-8E78CE78E051}"
EndProject
Project("{FAE04EC0-301F-11D3-BF4B-00C04F79EFBC}") = "Tyuiu.BaldinAA.Sprint5.Task0.V20", "Tyuiu.BaldinAA.Sprint5.Task0.V20\Tyuiu.BaldinAA.Sprint5.Task0.V20.csproj", "{875B9249-13C8-444B-A3DC-702868D2F529}"
EndProject
Project("{FAE04EC0-301F-11D3-BF4B-00C04F79EFBC}") = "Tyuiu.BaldinAA.Sprint5.Task0.V20.Lib", "Tyuiu.BaldinAA.Sprint5.Task0.V20.Lib\Tyuiu.BaldinAA.Sprint5.Task0.V20.Lib.csproj", "{85FD99D1-9A72-4FA8-9A46-E7082ED28DCD}"
EndProject
Project("{FAE04EC0-301F-11D3-BF4B-00C04F79EFBC}") = "Tyuiu.BaldinAA.Sprint5.Task0.V20.Test", "Tyuiu.BaldinAA.Sprint5.Task0.V20.Test\Tyuiu.BaldinAA.Sprint5.Task0.V20.Test.csproj", "{747E28DD-F734-49F3-9AC6-EF6F6F48C9D8}"
EndProject
Project("{2150E333-8FDC-42A3-9474-1A3956D46DE8}") = "Task1", "Task1", "{3EB74E4A-85A2-4D2E-94C4-7E6B2FF3B11E}"
EndProject
Project("{FAE04EC0-301F-11D3-BF4B-00C04F79EFBC}") = "Tyuiu.BaldinAA.Sprint5.Task1.V14", "Tyuiu.BaldinAA.Sprint5.Task1.V14\Tyuiu.BaldinAA.Sprint5.Task1.V14.csproj", "{5B8AEE21-3541-438F-A71A-BE129AA5574F}"
EndProject
Project("{FAE04EC0-301F-11D3-BF4B-00C04F79EFBC}") = "Tyuiu.BaldinAA.Sprint5.Task1.V14.Lib", "Tyuiu.BaldinAA.Sprint5.Task1.V14.Lib\Tyuiu.BaldinAA.Sprint5.Task1.V14.Lib.csproj", "{D8EF5264-A60A-40B5-9CAE-270D5271643F}"
EndProject
Project("{FAE04EC0-301F-11D3-BF4B-00C04F79EFBC}") = "Tyuiu.BaldinAA.Sprint5.Task1.V14.Test", "Tyuiu.BaldinAA.Sprint5.Task1.V14.Test\Tyuiu.BaldinAA.Sprint5.Task1.V14.Test.csproj", "{12AC174E-F3E1-4823-BCD3-51C5D024B628}"
EndProject
Project("{2150E333-8FDC-42A3-9474-1A3956D46DE8}") = "Task2", "Task2", "{183EF5D8-D263-4D75-82F7-F8FED234AEA8}"
EndProject
Project("{FAE04EC0-301F-11D3-BF4B-00C04F79EFBC}") = "Tyuiu.BaldinAA.Sprint5.Task2.V25", "Tyuiu.BaldinAA.Sprint5.Task2.V25\Tyuiu.BaldinAA.Sprint5.Task2.V25.csproj", "{D26D894A-AC8E-4B4C-8E93-CBB2CB97D4E7}"
EndProject
Project("{FAE04EC0-301F-11D3-BF4B-00C04F79EFBC}") = "Tyuiu.BaldinAA.Sprint5.Task2.V25.Lib", "Tyuiu.BaldinAA.Sprint5.Task2.V25.Lib\Tyuiu.BaldinAA.Sprint5.Task2.V25.Lib.csproj", "{CA85976D-0BD4-49FB-B016-D63939FCC987}"
EndProject
Project("{FAE04EC0-301F-11D3-BF4B-00C04F79EFBC}") = "Tyuiu.BaldinAA.Sprint5.Task2.V25.Test", "Tyuiu.BaldinAA.Sprint5.Task2.V25.Test\Tyuiu.BaldinAA.Sprint5.Task2.V25.Test.csproj", "{4D8D5755-17BE-48F0-96A9-0CBBEC090909}"
EndProject
Project("{2150E333-8FDC-42A3-9474-1A3956D46DE8}") = "Task3", "Task3", "{EE537243-E050-4727-9B6F-6BA1841475CE}"
EndProject
Project("{FAE04EC0-301F-11D3-BF4B-00C04F79EFBC}") = "Tyuiu.BaldinAA.Sprint5.Task3.V11", "Tyuiu.BaldinAA.Sprint5.Task3.V11\Tyuiu.BaldinAA.Sprint5.Task3.V11.csproj", "{D88F06EA-5C8E-4BDA-B4D8-AFB47D0FF31A}"
EndProject
Project("{FAE04EC0-301F-11D3-BF4B-00C04F79EFBC}") = "Tyuiu.BaldinAA.Sprint5.Task3.V11.Lib", "Tyuiu.BaldinAA.Sprint5.Task3.V11.Lib\Tyuiu.BaldinAA.Sprint5.Task3.V11.Lib.csproj", "{CE253AAC-5A3A-4769-91EF-7442CCD4B2AD}"
EndProject
Project("{FAE04EC0-301F-11D3-BF4B-00C04F79EFBC}") = "Tyuiu.BaldinAA.Sprint5.Task3.V11.Test", "Tyuiu.BaldinAA.Sprint5.Task3.V11.Test\Tyuiu.BaldinAA.Sprint5.Task3.V11.Test.csproj", "{5D386032-69EA-4556-A8D7-6B0A3423D12F}"
EndProject
Project("{2150E333-8FDC-42A3-9474-1A3956D46DE8}") = "Task4", "Task4", "{92A8DBAA-C1C0-4799-B1D0-D10A4C9579A8}"
EndProject
Project("{FAE04EC0-301F-11D3-BF4B-00C04F79EFBC}") = "Tyuiu.BaldinAA.Sprint5.Task4.V13", "Tyuiu.BaldinAA.Sprint5.Task4.V13\Tyuiu.BaldinAA.Sprint5.Task4.V13.csproj", "{D8813D8D-F20B-4330-B03B-60BB4D26330B}"
EndProject
Project("{FAE04EC0-301F-11D3-BF4B-00C04F79EFBC}") = "Tyuiu.BaldinAA.Sprint5.Task4.V13.Lib", "Tyuiu.BaldinAA.Sprint5.Task4.V13.Lib\Tyuiu.BaldinAA.Sprint5.Task4.V13.Lib.csproj", "{6F8BF9C9-79D4-4E04-A8CC-28D1C1576CFF}"
EndProject
Project("{FAE04EC0-301F-11D3-BF4B-00C04F79EFBC}") = "Tyuiu.BaldinAA.Sprint5.Task4.V13.Test", "Tyuiu.BaldinAA.Sprint5.Task4.V13.Test\Tyuiu.BaldinAA.Sprint5.Task4.V13.Test.csproj", "{0415DE1A-9106-49E9-96C8-37292C2E0024}"
EndProject
Global
	GlobalSection(SolutionConfigurationPlatforms) = preSolution
		Debug|Any CPU = Debug|Any CPU
		Release|Any CPU = Release|Any CPU
	EndGlobalSection
	GlobalSection(ProjectConfigurationPlatforms) = postSolution
		{875B9249-13C8-444B-A3DC-702868D2F529}.Debug|Any CPU.ActiveCfg = Debug|Any CPU
		{875B9249-13C8-444B-A3DC-702868D2F529}.Debug|Any CPU.Build.0 = Debug|Any CPU
		{875B9249-13C8-444B-A3DC-702868D2F529}.Release|Any CPU.ActiveCfg = Release|Any CPU
		{875B9249-13C8-444B-A3DC-702868D2F529}.Release|Any CPU.Build.0 = Release|Any CPU
		{85FD99D1-9A72-4FA8-9A46-E7082ED28DCD}.Debug|Any CPU.ActiveCfg = Debug|Any CPU
		{85FD99D1-9A72-4FA8-9A46-E7082ED28DCD}.Debug|Any CPU.Build.0 = Debug|Any CPU
		{85FD99D1-9A72-4FA8-9A46-E7082ED28DCD}.Release|Any CPU.ActiveCfg = Release|Any CPU
		{85FD99D1-9A72-4FA8-9A46-E7082ED28DCD}.Release|Any CPU.Build.0 = Release|Any CPU
		{747E28DD-F734-49F3-9AC6-EF6F6F48C9D8}.Debug|Any CPU.ActiveCfg = Debug|Any CPU
		{747E28DD-F734-49F3-9AC6-EF6F6F48C9D8}.Debug|Any CPU.Build.0 = Debug|Any CPU
		{747E28DD-F734-49F3-9AC6-EF6F6F48C9D8}.Release|Any CPU.ActiveCfg = Release|Any CPU
		{747E28DD-F734-49F3-9AC6-EF6F6F48C9D8}.Release|Any CPU.Build.0 = Release|Any CPU
		{5B8AEE21-3541-438F-A71A-BE129AA5574F}.Debug|Any CPU.ActiveCfg = Debug|Any CPU
		{5B8AEE21-3541-438F-A71A-BE129AA5574F}.Debug|Any CPU.Build.0 = Debug|Any CPU
		{5B8AEE21-3541-438F-A71A-BE129AA5574F}.Release|Any CPU.ActiveCfg = Release|Any CPU
		{5B8AEE21-3541-438F-A71A-BE129AA5574F}.Release|Any CPU.Build.0 = Release|Any CPU
		{D8EF5264-A60A-40B5-9CAE-270D5271643F}.Debug|Any CPU.ActiveCfg = Debug|Any CPU
		{D8EF5264-A60A-40B5-9CAE-270D5271643F}.Debug|Any CPU.Build.0 = Debug|Any CPU
		{D8EF5264-A60A-40B5-9CAE-270D5271643F}.Release|Any CPU.ActiveCfg = Release|Any CPU
		{D8EF5264-A60A-40B5-9CAE-270D5271643F}.Release|Any CPU.Build.0 = Release|Any CPU
		{12AC174E-F3E1-4823-BCD3-51C5D024B628}.Debug|Any CPU.ActiveCfg = Debug|Any CPU
		{12AC174E-F3E1-4823-BCD3-51C5D024B628}.Debug|Any CPU.Build.0 = Debug|Any CPU
		{12AC174E-F3E1-4823-BCD3-51C5D024B628}.Release|Any CPU.ActiveCfg = Release|Any CPU
		{12AC174E-F3E1-4823-BCD3-51C5D024B628}.Release|Any CPU.Build.0 = Release|Any CPU
		{D26D894A-AC8E-4B4C-8E93-CBB2CB97D4E7}.Debug|Any CPU.ActiveCfg = Debug|Any CPU
		{D26D894A-AC8E-4B4C-8E93-CBB2CB97D4E7}.Debug|Any CPU.Build.0 = Debug|Any CPU
		{D26D894A-AC8E-4B4C-8E93-CBB2CB97D4E7}.Release|Any CPU.ActiveCfg = Release|Any CPU
		{D26D894A-AC8E-4B4C-8E93-CBB2CB97D4E7}.Release|Any CPU.Build.0 = Release|Any CPU
		{CA85976D-0BD4-49FB-B016-D63939FCC987}.Debug|Any CPU.ActiveCfg = Debug|Any CPU
		{CA85976D-0BD4-49FB-B016-D63939FCC987}.Debug|Any CPU.Build.0 = Debug|Any CPU
		{CA85976D-0BD4-49FB-B016-D63939FCC987}.Release|Any CPU.ActiveCfg = Release|Any CPU
		{CA85976D-0BD4-49FB-B016-D63939FCC987}.Release|Any CPU.Build.0 = Release|Any CPU
		{4D8D5755-17BE-48F0-96A9-0CBBEC090909}.Debug|Any CPU.ActiveCfg = Debug|Any CPU
		{4D8D5755-17BE-48F0-96A9-0CBBEC090909}.Debug|Any CPU.Build.0 = Debug|Any CPU
		{4D8D5755-17BE-48F0-96A9-0CBBEC090909}.Release|Any CPU.ActiveCfg = Release|Any CPU
		{4D8D5755-17BE-48F0-96A9-0CBBEC090909}.Release|Any CPU.Build.0 = Release|Any CPU
		{D88F06EA-5C8E-4BDA-B4D8-AFB47D0FF31A}.Debug|Any CPU.ActiveCfg = Debug|Any CPU
		{D88F06EA-5C8E-4BDA-B4D8-AFB47D0FF31A}.Debug|Any CPU.Build.0 = Debug|Any CPU
		{D88F06EA-5C8E-4BDA-B4D8-AFB47D0FF31A}.Release|Any CPU.ActiveCfg = Release|Any CPU
		{D88F06EA-5C8E-4BDA-B4D8-AFB47D0FF31A}.Release|Any CPU.Build.0 = Release|Any CPU
		{CE253AAC-5A3A-4769-91EF-7442CCD4B2AD}.Debug|Any CPU.ActiveCfg = Debug|Any CPU
		{CE253AAC-5A3A-4769-91EF-7442CCD4B2AD}.Debug|Any CPU.Build.0 = Debug|Any CPU
		{CE253AAC-5A3A-4769-91EF-7442CCD4B2AD}.Release|Any CPU.ActiveCfg = Release|Any CPU
		{CE253AAC-5A3A-4769-91EF-7442CCD4B2AD}.Release|Any CPU.Build.0 = Release|Any CPU
		{5D386032-69EA-4556-A8D7-6B0A3423D12F}.Debug|Any CPU.ActiveCfg = Debug|Any CPU
		{5D386032-69EA-4556-A8D7-6B0A3423D12F}.Debug|Any CPU.Build.0 = Debug|Any CPU
		{5D386032-69EA-4556-A8D7-6B0A3423D12F}.Release|Any CPU.ActiveCfg = Release|Any CPU
		{5D386032-69EA-4556-A8D7-6B0A3423D12F}.Release|Any CPU.Build.0 = Release|Any CPU
		{D8813D8D-F20B-4330-B03B-60BB4D26330B}.Debug|Any CPU.ActiveCfg = Debug|Any CPU
		{D8813D8D-F20B-4330-B03B-60BB4D26330B}.Debug|Any CPU.Build.0 = Debug|Any CPU
		{D8813D8D-F20B-4330-B03B-60BB4D26330B}.Release|Any CPU.ActiveCfg = Release|Any CPU
		{D8813D8D-F20B-4330-B03B-60BB4D26330B}.Release|Any CPU.Build.0 = Release|Any CPU
		{6F8BF9C9-79D4-4E04-A8CC-28D1C1576CFF}.Debug|Any CPU.ActiveCfg = Debug|Any CPU
		{6F8BF9C9-79D4-4E04-A8CC-28D1C1576CFF}.Debug|Any CPU.Build.0 = Debug|Any CPU
		{6F8BF9C9-79D4-4E04-A8CC-28D1C1576CFF}.Release|Any CPU.ActiveCfg = Release|Any CPU
		{6F8BF9C9-79D4-4E04-A8CC-28D1C1576CFF}.Release|Any CPU.Build.0 = Release|Any CPU
		{0415DE1A-9106-49E9-96C8-37292C2E0024}.Debug|Any CPU.ActiveCfg = Debug|Any CPU
		{0415DE1A-9106-49E9-96C8-37292C2E0024}.Debug|Any CPU.Build.0 = Debug|Any CPU
		{0415DE1A-9106-49E9-96C8-37292C2E0024}.Release|Any CPU.ActiveCfg = Release|Any CPU
		{0415DE1A-9106-49E9-96C8-37292C2E0024}.Release|Any CPU.Build.0 = Release|Any CPU
	EndGlobalSection
	GlobalSection(SolutionProperties) = preSolution
		HideSolutionNode = FALSE
	EndGlobalSection
	GlobalSection(NestedProjects) = preSolution
		{875B9249-13C8-444B-A3DC-702868D2F529} = {389F7EB4-3157-4F5C-BAFD-8E78CE78E051}
		{85FD99D1-9A72-4FA8-9A46-E7082ED28DCD} = {389F7EB4-3157-4F5C-BAFD-8E78CE78E051}
		{747E28DD-F734-49F3-9AC6-EF6F6F48C9D8} = {389F7EB4-3157-4F5C-BAFD-8E78CE78E051}
		{5B8AEE21-3541-438F-A71A-BE129AA5574F} = {3EB74E4A-85A2-4D2E-94C4-7E6B2FF3B11E}
		{D8EF5264-A60A-40B5-9CAE-270D5271643F} = {3EB74E4A-85A2-4D2E-94C4-7E6B2FF3B11E}
		{12AC174E-F3E1-4823-BCD3-51C5D024B628} = {3EB74E4A-85A2-4D2E-94C4-7E6B2FF3B11E}
		{D26D894A-AC8E-4B4C-8E93-CBB2CB97D4E7} = {183EF5D8-D263-4D75-82F7-F8FED234AEA8}
		{CA85976D-0BD4-49FB-B016-D63939FCC987} = {183EF5D8-D263-4D75-82F7-F8FED234AEA8}
		{4D8D5755-17BE-48F0-96A9-0CBBEC090909} = {183EF5D8-D263-4D75-82F7-F8FED234AEA8}
		{D88F06EA-5C8E-4BDA-B4D8-AFB47D0FF31A} = {EE537243-E050-4727-9B6F-6BA1841475CE}
		{CE253AAC-5A3A-4769-91EF-7442CCD4B2AD} = {EE537243-E050-4727-9B6F-6BA1841475CE}
		{5D386032-69EA-4556-A8D7-6B0A3423D12F} = {EE537243-E050-4727-9B6F-6BA1841475CE}
		{D8813D8D-F20B-4330-B03B-60BB4D26330B} = {92A8DBAA-C1C0-4799-B1D0-D10A4C9579A8}
		{6F8BF9C9-79D4-4E04-A8CC-28D1C1576CFF} = {92A8DBAA-C1C0-4799-B1D0-D10A4C9579A8}
		{0415DE1A-9106-49E9-96C8-37292C2E0024} = {92A8DBAA-C1C0-4799-B1D0-D10A4C9579A8}
	EndGlobalSection
	GlobalSection(ExtensibilityGlobals) = postSolution
		SolutionGuid = {ECC8ADB2-8A31-4694-BE44-095FF59591C6}
	EndGlobalSection
EndGlobal
