
Microsoft Visual Studio Solution File, Format Version 12.00
# Visual Studio Version 17
VisualStudioVersion = 17.11.35303.130
MinimumVisualStudioVersion = 10.0.40219.1
Project("{2150E333-8FDC-42A3-9474-1A3956D46DE8}") = "Task0", "Task0", "{389F7EB4-3157-4F5C-BAFD-8E78CE78E051}"
EndProject
Project("{FAE04EC0-301F-11D3-BF4B-00C04F79EFBC}") = "Tyuiu.BaldinAA.Sprint5.Task0.V20", "Tyuiu.BaldinAA.Sprint5.Task0.V20\Tyuiu.BaldinAA.Sprint5.Task0.V20.csproj", "{875B9249-13C8-444B-A3DC-702868D2F529}"
EndProject
Project("{FAE04EC0-301F-11D3-BF4B-00C04F79EFBC}") = "Tyuiu.BaldinAA.Sprint5.Task0.V20.Lib", "Tyuiu.BaldinAA.Sprint5.Task0.V20.Lib\Tyuiu.BaldinAA.Sprint5.Task0.V20.Lib.csproj", "{85FD99D1-9A72-4FA8-9A46-E7082ED28DCD}"
EndProject
Project("{FAE04EC0-301F-11D3-BF4B-00C04F79EFBC}") = "Tyuiu.BaldinAA.Sprint5.Task0.V20.Test", "Tyuiu.BaldinAA.Sprint5.Task0.V20.Test\Tyuiu.BaldinAA.Sprint5.Task0.V20.Test.csproj", "{747E28DD-F734-49F3-9AC6-EF6F6F48C9D8}"
EndProject
Project("{2150E333-8FDC-42A3-9474-1A3956D46DE8}") = "Task1", "Task1", "{3EB74E4A-85A2-4D2E-94C4-7E6B2FF3B11E}"
EndProject
Project("{FAE04EC0-301F-11D3-BF4B-00C04F79EFBC}") = "Tyuiu.BaldinAA.Sprint5.Task1.V14", "Tyuiu.BaldinAA.Sprint5.Task1.V14\Tyuiu.BaldinAA.Sprint5.Task1.V14.csproj", "{5B8AEE21-3541-438F-A71A-BE129AA5574F}"
EndProject
Project("{FAE04EC0-301F-11D3-BF4B-00C04F79EFBC}") = "Tyuiu.BaldinAA.Sprint5.Task1.V14.Lib", "Tyuiu.BaldinAA.Sprint5.Task1.V14.Lib\Tyuiu.BaldinAA.Sprint5.Task1.V14.Lib.csproj", "{D8EF5264-A60A-40B5-9CAE-270D5271643F}"
EndProject
Project("{FAE04EC0-301F-11D3-BF4B-00C04F79EFBC}") = "Tyuiu.BaldinAA.Sprint5.Task1.V14.Test", "Tyuiu.BaldinAA.Sprint5.Task1.V14.Test\Tyuiu.BaldinAA.Sprint5.Task1.V14.Test.csproj", "{12AC174E-F3E1-4823-BCD3-51C5D024B628}"
EndProject
Global
	GlobalSection(SolutionConfigurationPlatforms) = preSolution
		Debug|Any CPU = Debug|Any CPU
		Release|Any CPU = Release|Any CPU
	EndGlobalSection
	GlobalSection(ProjectConfigurationPlatforms) = postSolution
		{875B9249-13C8-444B-A3DC-702868D2F529}.Debug|Any CPU.ActiveCfg = Debug|Any CPU
		{875B9249-13C8-444B-A3DC-702868D2F529}.Debug|Any CPU.Build.0 = Debug|Any CPU
		{875B9249-13C8-444B-A3DC-702868D2F529}.Release|Any CPU.ActiveCfg = Release|Any CPU
		{875B9249-13C8-444B-A3DC-702868D2F529}.Release|Any CPU.Build.0 = Release|Any CPU
		{85FD99D1-9A72-4FA8-9A46-E7082ED28DCD}.Debug|Any CPU.ActiveCfg = Debug|Any CPU
		{85FD99D1-9A72-4FA8-9A46-E7082ED28DCD}.Debug|Any CPU.Build.0 = Debug|Any CPU
		{85FD99D1-9A72-4FA8-9A46-E7082ED28DCD}.Release|Any CPU.ActiveCfg = Release|Any CPU
		{85FD99D1-9A72-4FA8-9A46-E7082ED28DCD}.Release|Any CPU.Build.0 = Release|Any CPU
		{747E28DD-F734-49F3-9AC6-EF6F6F48C9D8}.Debug|Any CPU.ActiveCfg = Debug|Any CPU
		{747E28DD-F734-49F3-9AC6-EF6F6F48C9D8}.Debug|Any CPU.Build.0 = Debug|Any CPU
		{747E28DD-F734-49F3-9AC6-EF6F6F48C9D8}.Release|Any CPU.ActiveCfg = Release|Any CPU
		{747E28DD-F734-49F3-9AC6-EF6F6F48C9D8}.Release|Any CPU.Build.0 = Release|Any CPU
		{5B8AEE21-3541-438F-A71A-BE129AA5574F}.Debug|Any CPU.ActiveCfg = Debug|Any CPU
		{5B8AEE21-3541-438F-A71A-BE129AA5574F}.Debug|Any CPU.Build.0 = Debug|Any CPU
		{5B8AEE21-3541-438F-A71A-BE129AA5574F}.Release|Any CPU.ActiveCfg = Release|Any CPU
		{5B8AEE21-3541-438F-A71A-BE129AA5574F}.Release|Any CPU.Build.0 = Release|Any CPU
		{D8EF5264-A60A-40B5-9CAE-270D5271643F}.Debug|Any CPU.ActiveCfg = Debug|Any CPU
		{D8EF5264-A60A-40B5-9CAE-270D5271643F}.Debug|Any CPU.Build.0 = Debug|Any CPU
		{D8EF5264-A60A-40B5-9CAE-270D5271643F}.Release|Any CPU.ActiveCfg = Release|Any CPU
		{D8EF5264-A60A-40B5-9CAE-270D5271643F}.Release|Any CPU.Build.0 = Release|Any CPU
		{12AC174E-F3E1-4823-BCD3-51C5D024B628}.Debug|Any CPU.ActiveCfg = Debug|Any CPU
		{12AC174E-F3E1-4823-BCD3-51C5D024B628}.Debug|Any CPU.Build.0 = Debug|Any CPU
		{12AC174E-F3E1-4823-BCD3-51C5D024B628}.Release|Any CPU.ActiveCfg = Release|Any CPU
		{12AC174E-F3E1-4823-BCD3-51C5D024B628}.Release|Any CPU.Build.0 = Release|Any CPU
	EndGlobalSection
	GlobalSection(SolutionProperties) = preSolution
		HideSolutionNode = FALSE
	EndGlobalSection
	GlobalSection(NestedProjects) = preSolution
		{875B9249-13C8-444B-A3DC-702868D2F529} = {389F7EB4-3157-4F5C-BAFD-8E78CE78E051}
		{85FD99D1-9A72-4FA8-9A46-E7082ED28DCD} = {389F7EB4-3157-4F5C-BAFD-8E78CE78E051}
		{747E28DD-F734-49F3-9AC6-EF6F6F48C9D8} = {389F7EB4-3157-4F5C-BAFD-8E78CE78E051}
		{5B8AEE21-3541-438F-A71A-BE129AA5574F} = {3EB74E4A-85A2-4D2E-94C4-7E6B2FF3B11E}
		{D8EF5264-A60A-40B5-9CAE-270D5271643F} = {3EB74E4A-85A2-4D2E-94C4-7E6B2FF3B11E}
		{12AC174E-F3E1-4823-BCD3-51C5D024B628} = {3EB74E4A-85A2-4D2E-94C4-7E6B2FF3B11E}
	EndGlobalSection
	GlobalSection(ExtensibilityGlobals) = postSolution
		SolutionGuid = {ECC8ADB2-8A31-4694-BE44-095FF59591C6}
	EndGlobalSection
EndGlobal
